# This file is automatically @generated by Poetry 1.7.1 and should not be changed by hand.

[[package]]
name = "asgiref"
version = "3.8.1"
description = "ASGI specs, helper code, and adapters"
optional = false
python-versions = ">=3.8"
files = [
    {file = "asgiref-3.8.1-py3-none-any.whl", hash = "sha256:3e1e3ecc849832fe52ccf2cb6686b7a55f82bb1d6aee72a58826471390335e47"},
    {file = "asgiref-3.8.1.tar.gz", hash = "sha256:c343bd80a0bec947a9860adb4c432ffa7db769836c64238fc34bdc3fec84d590"},
]

[package.dependencies]
typing-extensions = {version = ">=4", markers = "python_version < \"3.11\""}

[package.extras]
tests = ["mypy (>=0.800)", "pytest", "pytest-asyncio"]

[[package]]
name = "beautifulsoup4"
version = "4.12.3"
description = "Screen-scraping library"
optional = false
python-versions = ">=3.6.0"
files = [
    {file = "beautifulsoup4-4.12.3-py3-none-any.whl", hash = "sha256:b80878c9f40111313e55da8ba20bdba06d8fa3969fc68304167741bbf9e082ed"},
    {file = "beautifulsoup4-4.12.3.tar.gz", hash = "sha256:74e3d1928edc070d21748185c46e3fb33490f22f52a3addee9aee0f4f7781051"},
]

[package.dependencies]
soupsieve = ">1.2"

[package.extras]
cchardet = ["cchardet"]
chardet = ["chardet"]
charset-normalizer = ["charset-normalizer"]
html5lib = ["html5lib"]
lxml = ["lxml"]

[[package]]
name = "behave"
version = "1.2.6"
description = "behave is behaviour-driven development, Python style"
optional = false
python-versions = ">=2.6, !=3.0.*, !=3.1.*, !=3.2.*"
files = [
    {file = "behave-1.2.6-py2.py3-none-any.whl", hash = "sha256:ebda1a6c9e5bfe95c5f9f0a2794e01c7098b3dde86c10a95d8621c5907ff6f1c"},
    {file = "behave-1.2.6.tar.gz", hash = "sha256:b9662327aa53294c1351b0a9c369093ccec1d21026f050c3bd9b3e5cccf81a86"},
]

[package.dependencies]
parse = ">=1.8.2"
parse-type = ">=0.4.2"
six = ">=1.11"

[package.extras]
develop = ["coverage", "invoke (>=0.21.0)", "modernize (>=0.5)", "path.py (>=8.1.2)", "pathlib", "pycmd", "pylint", "pytest (>=3.0)", "pytest-cov", "tox"]
docs = ["sphinx (>=1.6)", "sphinx-bootstrap-theme (>=0.6)"]

[[package]]
name = "behave-django"
version = "1.4.0"
description = "Behave BDD integration for Django"
optional = false
python-versions = "*"
files = [
    {file = "behave-django-1.4.0.tar.gz", hash = "sha256:aecbc535699517100c1e443eadb4a5d761c2b1d2f4364d88c8e74a236c915c9c"},
    {file = "behave_django-1.4.0-py3-none-any.whl", hash = "sha256:a75b88ab7e5ceb1efa9836c73e5e2db2c5fdc2e99d5901138c5cdab356d1680b"},
]

[package.dependencies]
beautifulsoup4 = "*"
behave = "*"

[[package]]
name = "django"
version = "5.0.6"
description = "A high-level Python web framework that encourages rapid development and clean, pragmatic design."
optional = false
python-versions = ">=3.10"
files = [
    {file = "Django-5.0.6-py3-none-any.whl", hash = "sha256:8363ac062bb4ef7c3f12d078f6fa5d154031d129a15170a1066412af49d30905"},
    {file = "Django-5.0.6.tar.gz", hash = "sha256:ff1b61005004e476e0aeea47c7f79b85864c70124030e95146315396f1e7951f"},
]

[package.dependencies]
asgiref = ">=3.7.0,<4"
sqlparse = ">=0.3.1"
tzdata = {version = "*", markers = "sys_platform == \"win32\""}

[package.extras]
argon2 = ["argon2-cffi (>=19.1.0)"]
bcrypt = ["bcrypt"]

[[package]]
name = "parse"
version = "1.20.2"
description = "parse() is the opposite of format()"
optional = false
python-versions = "*"
files = [
    {file = "parse-1.20.2-py2.py3-none-any.whl", hash = "sha256:967095588cb802add9177d0c0b6133b5ba33b1ea9007ca800e526f42a85af558"},
    {file = "parse-1.20.2.tar.gz", hash = "sha256:b41d604d16503c79d81af5165155c0b20f6c8d6c559efa66b4b695c3e5a0a0ce"},
]

[[package]]
name = "parse-type"
version = "0.6.2"
description = "Simplifies to build parse types based on the parse module"
optional = false
python-versions = ">=2.7, !=3.0.*, !=3.1.*"
files = [
    {file = "parse_type-0.6.2-py2.py3-none-any.whl", hash = "sha256:06d39a8b70fde873eb2a131141a0e79bb34a432941fb3d66fad247abafc9766c"},
    {file = "parse_type-0.6.2.tar.gz", hash = "sha256:79b1f2497060d0928bc46016793f1fca1057c4aacdf15ef876aa48d75a73a355"},
]

[package.dependencies]
parse = {version = ">=1.18.0", markers = "python_version >= \"3.0\""}
six = ">=1.15"

[package.extras]
develop = ["build (>=0.5.1)", "coverage (>=4.4)", "pylint", "pytest (<5.0)", "pytest (>=5.0)", "pytest-cov", "pytest-html (>=1.19.0)", "ruff", "tox (>=2.8,<4.0)", "twine (>=1.13.0)", "virtualenv (<20.22.0)", "virtualenv (>=20.0.0)"]
docs = ["Sphinx (>=1.6)", "sphinx-bootstrap-theme (>=0.6.0)"]
testing = ["pytest (<5.0)", "pytest (>=5.0)", "pytest-html (>=1.19.0)"]

[[package]]
name = "six"
version = "1.16.0"
description = "Python 2 and 3 compatibility utilities"
optional = false
python-versions = ">=2.7, !=3.0.*, !=3.1.*, !=3.2.*"
files = [
    {file = "six-1.16.0-py2.py3-none-any.whl", hash = "sha256:8abb2f1d86890a2dfb989f9a77cfcfd3e47c2a354b01111771326f8aa26e0254"},
    {file = "six-1.16.0.tar.gz", hash = "sha256:1e61c37477a1626458e36f7b1d82aa5c9b094fa4802892072e49de9c60c4c926"},
]

[[package]]
name = "soupsieve"
version = "2.5"
description = "A modern CSS selector implementation for Beautiful Soup."
optional = false
python-versions = ">=3.8"
files = [
    {file = "soupsieve-2.5-py3-none-any.whl", hash = "sha256:eaa337ff55a1579b6549dc679565eac1e3d000563bcb1c8ab0d0fefbc0c2cdc7"},
    {file = "soupsieve-2.5.tar.gz", hash = "sha256:5663d5a7b3bfaeee0bc4372e7fc48f9cff4940b3eec54a6451cc5299f1097690"},
]

[[package]]
name = "sqlparse"
version = "0.5.0"
description = "A non-validating SQL parser."
optional = false
python-versions = ">=3.8"
files = [
    {file = "sqlparse-0.5.0-py3-none-any.whl", hash = "sha256:c204494cd97479d0e39f28c93d46c0b2d5959c7b9ab904762ea6c7af211c8663"},
    {file = "sqlparse-0.5.0.tar.gz", hash = "sha256:714d0a4932c059d16189f58ef5411ec2287a4360f17cdd0edd2d09d4c5087c93"},
]

[package.extras]
dev = ["build", "hatch"]
doc = ["sphinx"]

[[package]]
name = "typing-extensions"
version = "4.12.2"
description = "Backported and Experimental Type Hints for Python 3.8+"
optional = false
python-versions = ">=3.8"
files = [
    {file = "typing_extensions-4.12.2-py3-none-any.whl", hash = "sha256:04e5ca0351e0f3f85c6853954072df659d0d13fac324d0072316b67d7794700d"},
    {file = "typing_extensions-4.12.2.tar.gz", hash = "sha256:1a7ead55c7e559dd4dee8856e3a88b41225abfe1ce8df57b7c13915fe121ffb8"},
]

[[package]]
name = "tzdata"
version = "2024.1"
description = "Provider of IANA time zone data"
optional = false
python-versions = ">=2"
files = [
    {file = "tzdata-2024.1-py2.py3-none-any.whl", hash = "sha256:9068bc196136463f5245e51efda838afa15aaeca9903f49050dfa2679db4d252"},
    {file = "tzdata-2024.1.tar.gz", hash = "sha256:2674120f8d891909751c38abcdfd386ac0a5a1127954fbc332af6b5ceae07efd"},
]

[metadata]
lock-version = "2.0"
python-versions = "^3.10"
content-hash = "a6d311da19c00c38582d299cb067f35d993b6e7bb7e8b18de64215c144ca5729"
